{
    "_readme": [
        "This file locks the dependencies of your project to a known state",
        "Read more about it at https://getcomposer.org/doc/01-basic-usage.md#installing-dependencies",
        "This file is @generated automatically"
    ],
    "content-hash": "be4065cd60498509fcdfdddb856aaf55",
    "packages": [
        {
            "name": "sigwin/infra",
            "version": "1.24.0",
            "source": {
                "type": "git",
                "url": "https://github.com/sigwinhq/infra.git",
                "reference": "29b8ab54bef80af3a2ae1a50c2614a7d0a51faa6"
            },
            "dist": {
                "type": "zip",
                "url": "https://api.github.com/repos/sigwinhq/infra/zipball/29b8ab54bef80af3a2ae1a50c2614a7d0a51faa6",
                "reference": "29b8ab54bef80af3a2ae1a50c2614a7d0a51faa6",
                "shasum": ""
            },
            "require-dev": {
                "phpunit/phpunit": "^11.0 || ^12.0",
                "symfony/filesystem": "^7.4 || ^8.0",
                "symfony/process": "^7.4 || ^8.0"
            },
            "type": "library",
            "notification-url": "https://packagist.org/downloads/",
            "license": [
                "MIT"
            ],
            "description": "Sigwin's default per-project infra",
            "support": {
                "issues": "https://github.com/sigwinhq/infra/issues",
                "source": "https://github.com/sigwinhq/infra/tree/1.24.0"
            },
            "time": "2026-01-27T15:15:39+00:00"
        }
    ],
    "packages-dev": [],
    "aliases": [],
    "minimum-stability": "stable",
    "stability-flags": {},
    "prefer-stable": false,
    "prefer-lowest": false,
    "platform": {},
    "platform-dev": {},
    "plugin-api-version": "2.9.0"
}
